
Microsoft Visual Studio Solution File, Format Version 12.00
# Visual Studio Version 17
VisualStudioVersion = 17.13.35828.75 d17.13
MinimumVisualStudioVersion = 10.0.40219.1
Project("{FAE04EC0-301F-11D3-BF4B-00C04F79EFBC}") = "Teachzilla", "Teachzilla\Teachzilla.csproj", "{F94DFC6E-7ECC-4D86-A0F9-11F17A3B6AE1}"
EndProject
Project("{FAE04EC0-301F-11D3-BF4B-00C04F79EFBC}") = "Teachzilla.Model", "Teachzilla.Model\Teachzilla.Model.csproj", "{9E40E876-81AE-4D74-ADFA-4184347D97C6}"
EndProject
Global
	GlobalSection(SolutionConfigurationPlatforms) = preSolution
		Debug|Any CPU = Debug|Any CPU
		Release|Any CPU = Release|Any CPU
	EndGlobalSection
	GlobalSection(ProjectConfigurationPlatforms) = postSolution
		{F94DFC6E-7ECC-4D86-A0F9-11F17A3B6AE1}.Debug|Any CPU.ActiveCfg = Debug|Any CPU
		{F94DFC6E-7ECC-4D86-A0F9-11F17A3B6AE1}.Debug|Any CPU.Build.0 = Debug|Any CPU
		{F94DFC6E-7ECC-4D86-A0F9-11F17A3B6AE1}.Release|Any CPU.ActiveCfg = Release|Any CPU
		{F94DFC6E-7ECC-4D86-A0F9-11F17A3B6AE1}.Release|Any CPU.Build.0 = Release|Any CPU
		{9E40E876-81AE-4D74-ADFA-4184347D97C6}.Debug|Any CPU.ActiveCfg = Debug|Any CPU
		{9E40E876-81AE-4D74-ADFA-4184347D97C6}.Debug|Any CPU.Build.0 = Debug|Any CPU
		{9E40E876-81AE-4D74-ADFA-4184347D97C6}.Release|Any CPU.ActiveCfg = Release|Any CPU
		{9E40E876-81AE-4D74-ADFA-4184347D97C6}.Release|Any CPU.Build.0 = Release|Any CPU
	EndGlobalSection
	GlobalSection(SolutionProperties) = preSolution
		HideSolutionNode = FALSE
	EndGlobalSection
	GlobalSection(ExtensibilityGlobals) = postSolution
		SolutionGuid = {996FB60A-0616-44DE-B167-287DB5E343B0}
	EndGlobalSection
EndGlobal
